{
  "name": "k-means",
  "lockfileVersion": 2,
  "requires": true,
  "packages": {
    "": {
      "dependencies": {
        "js-math-tools": "gitlab:jrc03c/js-math-tools",
        "make-key": "gitlab:jrc03c/make-key",
        "plotly.js-dist": "^1.58.4"
      }
    },
    "node_modules/js-math-tools": {
      "version": "0.0.1",
      "resolved": "git+ssh://git@gitlab.com/jrc03c/js-math-tools.git#aaf1a55e75041d6413945559e6f9198b7c3ffab5"
    },
    "node_modules/make-key": {
      "version": "1.0.0",
      "resolved": "git+ssh://git@gitlab.com/jrc03c/make-key.git#97de1b82747aa3a17341cdcc3b3fff5cc2039ac8",
      "license": "ISC",
      "dependencies": {
        "js-math-tools": "git+https://gitlab.com/jrc03c/js-math-tools.git"
      }
    },
    "node_modules/plotly.js-dist": {
      "version": "1.58.4",
      "resolved": "https://registry.npmjs.org/plotly.js-dist/-/plotly.js-dist-1.58.4.tgz",
      "integrity": "sha512-oXCTRJFN8FBsHZSQPYoM3LuJQchPUrf6sOXFC0EFdvcr5lmJmLcAsW74jDy9PkRpm3PB+A+2oY1hsUMmk2eZbw=="
    }
  },
  "dependencies": {
    "js-math-tools": {
      "version": "git+ssh://git@gitlab.com/jrc03c/js-math-tools.git#aaf1a55e75041d6413945559e6f9198b7c3ffab5",
      "from": "js-math-tools@gitlab:jrc03c/js-math-tools"
    },
    "make-key": {
      "version": "git+ssh://git@gitlab.com/jrc03c/make-key.git#97de1b82747aa3a17341cdcc3b3fff5cc2039ac8",
      "from": "make-key@gitlab:jrc03c/make-key",
      "requires": {
        "js-math-tools": "git+https://gitlab.com/jrc03c/js-math-tools.git"
      }
    },
    "plotly.js-dist": {
      "version": "1.58.4",
      "resolved": "https://registry.npmjs.org/plotly.js-dist/-/plotly.js-dist-1.58.4.tgz",
      "integrity": "sha512-oXCTRJFN8FBsHZSQPYoM3LuJQchPUrf6sOXFC0EFdvcr5lmJmLcAsW74jDy9PkRpm3PB+A+2oY1hsUMmk2eZbw=="
    }
  }
}
