{
  "name": "kmeans",
  "lockfileVersion": 2,
  "requires": true,
  "packages": {
    "": {
      "dependencies": {
        "js-math-tools": "gitlab:jrc03c/js-math-tools",
        "make-key": "gitlab:jrc03c/make-key"
      }
    },
    "node_modules/js-math-tools": {
      "version": "0.0.1",
      "resolved": "git+ssh://git@gitlab.com/jrc03c/js-math-tools.git#26f50d6c153cc2ba2b14528e1d5522bc762233c2"
    },
    "node_modules/make-key": {
      "version": "1.0.0",
      "resolved": "git+ssh://git@gitlab.com/jrc03c/make-key.git#97de1b82747aa3a17341cdcc3b3fff5cc2039ac8",
      "license": "ISC",
      "dependencies": {
        "js-math-tools": "git+https://gitlab.com/jrc03c/js-math-tools.git"
      }
    }
  },
  "dependencies": {
    "js-math-tools": {
      "version": "git+ssh://git@gitlab.com/jrc03c/js-math-tools.git#26f50d6c153cc2ba2b14528e1d5522bc762233c2",
      "from": "js-math-tools@gitlab:jrc03c/js-math-tools"
    },
    "make-key": {
      "version": "git+ssh://git@gitlab.com/jrc03c/make-key.git#97de1b82747aa3a17341cdcc3b3fff5cc2039ac8",
      "from": "make-key@gitlab:jrc03c/make-key",
      "requires": {
        "js-math-tools": "git+https://gitlab.com/jrc03c/js-math-tools.git"
      }
    }
  }
}
