{
  "name": "kmeans",
  "lockfileVersion": 2,
  "requires": true,
  "packages": {
    "": {
      "dependencies": {
        "js-math-tools": "gitlab:jrc03c/js-math-tools"
      }
    },
    "node_modules/js-math-tools": {
      "version": "0.0.1",
      "resolved": "git+ssh://git@gitlab.com/jrc03c/js-math-tools.git#6297e5222a48132d95c341635696abd241951cfb"
    }
  },
  "dependencies": {
    "js-math-tools": {
      "version": "git+ssh://git@gitlab.com/jrc03c/js-math-tools.git#6297e5222a48132d95c341635696abd241951cfb",
      "from": "js-math-tools@gitlab:jrc03c/js-math-tools"
    }
  }
}
